
Microsoft Visual Studio Solution File, Format Version 12.00
# Visual Studio Version 17
VisualStudioVersion = 17.0.32112.339
MinimumVisualStudioVersion = 10.0.40219.1
Project("{FAE04EC0-301F-11D3-BF4B-00C04F79EFBC}") = "JwtWebApi", "JwtWebApi.csproj", "{45C5AD3C-4B95-4C0A-B873-F11EC155460B}"
EndProject
Global
	GlobalSection(SolutionConfigurationPlatforms) = preSolution
		Debug|Any CPU = Debug|Any CPU
		Release|Any CPU = Release|Any CPU
	EndGlobalSection
	GlobalSection(ProjectConfigurationPlatforms) = postSolution
		{45C5AD3C-4B95-4C0A-B873-F11EC155460B}.Debug|Any CPU.ActiveCfg = Debug|Any CPU
		{45C5AD3C-4B95-4C0A-B873-F11EC155460B}.Debug|Any CPU.Build.0 = Debug|Any CPU
		{45C5AD3C-4B95-4C0A-B873-F11EC155460B}.Release|Any CPU.ActiveCfg = Release|Any CPU
		{45C5AD3C-4B95-4C0A-B873-F11EC155460B}.Release|Any CPU.Build.0 = Release|Any CPU
	EndGlobalSection
	GlobalSection(SolutionProperties) = preSolution
		HideSolutionNode = FALSE
	EndGlobalSection
	GlobalSection(ExtensibilityGlobals) = postSolution
		SolutionGuid = {46E1BCD6-3DAE-4A36-BBF9-9281DEA54E13}
	EndGlobalSection
EndGlobal
